
Microsoft Visual Studio Solution File, Format Version 12.00
# Visual Studio 14
VisualStudioVersion = 14.0.23107.0
MinimumVisualStudioVersion = 10.0.40219.1
Project("{FAE04EC0-301F-11D3-BF4B-00C04F79EFBC}") = "ProgramInterpreter", "ProgramInterpreter\ProgramInterpreter.csproj", "{3DB3640B-7FC5-4F64-A0B0-1CD9FB82C780}"
EndProject
Project("{FAE04EC0-301F-11D3-BF4B-00C04F79EFBC}") = "fNbt", "fNbt\fNbt.csproj", "{4488498D-976D-4DA3-BF72-109531AF0488}"
EndProject
Project("{FAE04EC0-301F-11D3-BF4B-00C04F79EFBC}") = "fNbt.Serialization", "fNbt.Serialization\fNbt.Serialization.csproj", "{95238D45-EC60-419F-90E1-7064EA738079}"
EndProject
Project("{FAE04EC0-301F-11D3-BF4B-00C04F79EFBC}") = "fNbt.Serialization.Test", "fNbt.Serialization.Test\fNbt.Serialization.Test.csproj", "{1A9A2746-62D1-49E6-80EF-FC3305A1CFE0}"
EndProject
Project("{FAE04EC0-301F-11D3-BF4B-00C04F79EFBC}") = "InterpreterEngine", "InterpreterEngine\InterpreterEngine.csproj", "{C00C5521-D869-45F8-A74B-828C98BAEA34}"
EndProject
Global
	GlobalSection(SolutionConfigurationPlatforms) = preSolution
		Debug|Any CPU = Debug|Any CPU
		Debug|x64 = Debug|x64
		Debug|x86 = Debug|x86
		Release|Any CPU = Release|Any CPU
		Release|x64 = Release|x64
		Release|x86 = Release|x86
	EndGlobalSection
	GlobalSection(ProjectConfigurationPlatforms) = postSolution
		{3DB3640B-7FC5-4F64-A0B0-1CD9FB82C780}.Debug|Any CPU.ActiveCfg = Debug|Any CPU
		{3DB3640B-7FC5-4F64-A0B0-1CD9FB82C780}.Debug|Any CPU.Build.0 = Debug|Any CPU
		{3DB3640B-7FC5-4F64-A0B0-1CD9FB82C780}.Debug|x64.ActiveCfg = Debug|Any CPU
		{3DB3640B-7FC5-4F64-A0B0-1CD9FB82C780}.Debug|x64.Build.0 = Debug|Any CPU
		{3DB3640B-7FC5-4F64-A0B0-1CD9FB82C780}.Debug|x86.ActiveCfg = Debug|Any CPU
		{3DB3640B-7FC5-4F64-A0B0-1CD9FB82C780}.Debug|x86.Build.0 = Debug|Any CPU
		{3DB3640B-7FC5-4F64-A0B0-1CD9FB82C780}.Release|Any CPU.ActiveCfg = Release|Any CPU
		{3DB3640B-7FC5-4F64-A0B0-1CD9FB82C780}.Release|Any CPU.Build.0 = Release|Any CPU
		{3DB3640B-7FC5-4F64-A0B0-1CD9FB82C780}.Release|x64.ActiveCfg = Release|Any CPU
		{3DB3640B-7FC5-4F64-A0B0-1CD9FB82C780}.Release|x64.Build.0 = Release|Any CPU
		{3DB3640B-7FC5-4F64-A0B0-1CD9FB82C780}.Release|x86.ActiveCfg = Release|Any CPU
		{3DB3640B-7FC5-4F64-A0B0-1CD9FB82C780}.Release|x86.Build.0 = Release|Any CPU
		{4488498D-976D-4DA3-BF72-109531AF0488}.Debug|Any CPU.ActiveCfg = Debug|Any CPU
		{4488498D-976D-4DA3-BF72-109531AF0488}.Debug|Any CPU.Build.0 = Debug|Any CPU
		{4488498D-976D-4DA3-BF72-109531AF0488}.Debug|x64.ActiveCfg = Debug|x64
		{4488498D-976D-4DA3-BF72-109531AF0488}.Debug|x64.Build.0 = Debug|x64
		{4488498D-976D-4DA3-BF72-109531AF0488}.Debug|x86.ActiveCfg = Debug|x86
		{4488498D-976D-4DA3-BF72-109531AF0488}.Debug|x86.Build.0 = Debug|x86
		{4488498D-976D-4DA3-BF72-109531AF0488}.Release|Any CPU.ActiveCfg = Release|Any CPU
		{4488498D-976D-4DA3-BF72-109531AF0488}.Release|Any CPU.Build.0 = Release|Any CPU
		{4488498D-976D-4DA3-BF72-109531AF0488}.Release|x64.ActiveCfg = Release|x64
		{4488498D-976D-4DA3-BF72-109531AF0488}.Release|x64.Build.0 = Release|x64
		{4488498D-976D-4DA3-BF72-109531AF0488}.Release|x86.ActiveCfg = Release|x86
		{4488498D-976D-4DA3-BF72-109531AF0488}.Release|x86.Build.0 = Release|x86
		{95238D45-EC60-419F-90E1-7064EA738079}.Debug|Any CPU.ActiveCfg = Debug|Any CPU
		{95238D45-EC60-419F-90E1-7064EA738079}.Debug|Any CPU.Build.0 = Debug|Any CPU
		{95238D45-EC60-419F-90E1-7064EA738079}.Debug|x64.ActiveCfg = Debug|Any CPU
		{95238D45-EC60-419F-90E1-7064EA738079}.Debug|x64.Build.0 = Debug|Any CPU
		{95238D45-EC60-419F-90E1-7064EA738079}.Debug|x86.ActiveCfg = Debug|Any CPU
		{95238D45-EC60-419F-90E1-7064EA738079}.Debug|x86.Build.0 = Debug|Any CPU
		{95238D45-EC60-419F-90E1-7064EA738079}.Release|Any CPU.ActiveCfg = Release|Any CPU
		{95238D45-EC60-419F-90E1-7064EA738079}.Release|Any CPU.Build.0 = Release|Any CPU
		{95238D45-EC60-419F-90E1-7064EA738079}.Release|x64.ActiveCfg = Release|Any CPU
		{95238D45-EC60-419F-90E1-7064EA738079}.Release|x64.Build.0 = Release|Any CPU
		{95238D45-EC60-419F-90E1-7064EA738079}.Release|x86.ActiveCfg = Release|Any CPU
		{95238D45-EC60-419F-90E1-7064EA738079}.Release|x86.Build.0 = Release|Any CPU
		{1A9A2746-62D1-49E6-80EF-FC3305A1CFE0}.Debug|Any CPU.ActiveCfg = Debug|Any CPU
		{1A9A2746-62D1-49E6-80EF-FC3305A1CFE0}.Debug|Any CPU.Build.0 = Debug|Any CPU
		{1A9A2746-62D1-49E6-80EF-FC3305A1CFE0}.Debug|x64.ActiveCfg = Debug|Any CPU
		{1A9A2746-62D1-49E6-80EF-FC3305A1CFE0}.Debug|x64.Build.0 = Debug|Any CPU
		{1A9A2746-62D1-49E6-80EF-FC3305A1CFE0}.Debug|x86.ActiveCfg = Debug|Any CPU
		{1A9A2746-62D1-49E6-80EF-FC3305A1CFE0}.Debug|x86.Build.0 = Debug|Any CPU
		{1A9A2746-62D1-49E6-80EF-FC3305A1CFE0}.Release|Any CPU.ActiveCfg = Release|Any CPU
		{1A9A2746-62D1-49E6-80EF-FC3305A1CFE0}.Release|Any CPU.Build.0 = Release|Any CPU
		{1A9A2746-62D1-49E6-80EF-FC3305A1CFE0}.Release|x64.ActiveCfg = Release|Any CPU
		{1A9A2746-62D1-49E6-80EF-FC3305A1CFE0}.Release|x64.Build.0 = Release|Any CPU
		{1A9A2746-62D1-49E6-80EF-FC3305A1CFE0}.Release|x86.ActiveCfg = Release|Any CPU
		{1A9A2746-62D1-49E6-80EF-FC3305A1CFE0}.Release|x86.Build.0 = Release|Any CPU
		{C00C5521-D869-45F8-A74B-828C98BAEA34}.Debug|Any CPU.ActiveCfg = Debug|Any CPU
		{C00C5521-D869-45F8-A74B-828C98BAEA34}.Debug|Any CPU.Build.0 = Debug|Any CPU
		{C00C5521-D869-45F8-A74B-828C98BAEA34}.Debug|x64.ActiveCfg = Debug|Any CPU
		{C00C5521-D869-45F8-A74B-828C98BAEA34}.Debug|x64.Build.0 = Debug|Any CPU
		{C00C5521-D869-45F8-A74B-828C98BAEA34}.Debug|x86.ActiveCfg = Debug|Any CPU
		{C00C5521-D869-45F8-A74B-828C98BAEA34}.Debug|x86.Build.0 = Debug|Any CPU
		{C00C5521-D869-45F8-A74B-828C98BAEA34}.Release|Any CPU.ActiveCfg = Release|Any CPU
		{C00C5521-D869-45F8-A74B-828C98BAEA34}.Release|Any CPU.Build.0 = Release|Any CPU
		{C00C5521-D869-45F8-A74B-828C98BAEA34}.Release|x64.ActiveCfg = Release|Any CPU
		{C00C5521-D869-45F8-A74B-828C98BAEA34}.Release|x64.Build.0 = Release|Any CPU
		{C00C5521-D869-45F8-A74B-828C98BAEA34}.Release|x86.ActiveCfg = Release|Any CPU
		{C00C5521-D869-45F8-A74B-828C98BAEA34}.Release|x86.Build.0 = Release|Any CPU
	EndGlobalSection
	GlobalSection(SolutionProperties) = preSolution
		HideSolutionNode = FALSE
	EndGlobalSection
EndGlobal
