
Microsoft Visual Studio Solution File, Format Version 12.00
# Visual Studio 14
VisualStudioVersion = 14.0.23107.0
MinimumVisualStudioVersion = 10.0.40219.1
Project("{FAE04EC0-301F-11D3-BF4B-00C04F79EFBC}") = "ProgramInterpreter", "ProgramInterpreter\ProgramInterpreter.csproj", "{3DB3640B-7FC5-4F64-A0B0-1CD9FB82C780}"
EndProject
Project("{FAE04EC0-301F-11D3-BF4B-00C04F79EFBC}") = "InterpreterEngine", "InterpreterEngine\InterpreterEngine.csproj", "{C00C5521-D869-45F8-A74B-828C98BAEA34}"
EndProject
Project("{FAE04EC0-301F-11D3-BF4B-00C04F79EFBC}") = "libIL2AIL", "libIL2AIL\libIL2AIL.csproj", "{149D51D9-0E2E-476A-A3DE-1E1DE2D530F6}"
EndProject
Global
	GlobalSection(SolutionConfigurationPlatforms) = preSolution
		Debug|Any CPU = Debug|Any CPU
		Debug|x64 = Debug|x64
		Debug|x86 = Debug|x86
		Release|Any CPU = Release|Any CPU
		Release|x64 = Release|x64
		Release|x86 = Release|x86
	EndGlobalSection
	GlobalSection(ProjectConfigurationPlatforms) = postSolution
		{3DB3640B-7FC5-4F64-A0B0-1CD9FB82C780}.Debug|Any CPU.ActiveCfg = Debug|Any CPU
		{3DB3640B-7FC5-4F64-A0B0-1CD9FB82C780}.Debug|Any CPU.Build.0 = Debug|Any CPU
		{3DB3640B-7FC5-4F64-A0B0-1CD9FB82C780}.Debug|x64.ActiveCfg = Debug|Any CPU
		{3DB3640B-7FC5-4F64-A0B0-1CD9FB82C780}.Debug|x64.Build.0 = Debug|Any CPU
		{3DB3640B-7FC5-4F64-A0B0-1CD9FB82C780}.Debug|x86.ActiveCfg = Debug|Any CPU
		{3DB3640B-7FC5-4F64-A0B0-1CD9FB82C780}.Debug|x86.Build.0 = Debug|Any CPU
		{3DB3640B-7FC5-4F64-A0B0-1CD9FB82C780}.Release|Any CPU.ActiveCfg = Release|Any CPU
		{3DB3640B-7FC5-4F64-A0B0-1CD9FB82C780}.Release|Any CPU.Build.0 = Release|Any CPU
		{3DB3640B-7FC5-4F64-A0B0-1CD9FB82C780}.Release|x64.ActiveCfg = Release|Any CPU
		{3DB3640B-7FC5-4F64-A0B0-1CD9FB82C780}.Release|x64.Build.0 = Release|Any CPU
		{3DB3640B-7FC5-4F64-A0B0-1CD9FB82C780}.Release|x86.ActiveCfg = Release|Any CPU
		{3DB3640B-7FC5-4F64-A0B0-1CD9FB82C780}.Release|x86.Build.0 = Release|Any CPU
		{C00C5521-D869-45F8-A74B-828C98BAEA34}.Debug|Any CPU.ActiveCfg = Debug|Any CPU
		{C00C5521-D869-45F8-A74B-828C98BAEA34}.Debug|Any CPU.Build.0 = Debug|Any CPU
		{C00C5521-D869-45F8-A74B-828C98BAEA34}.Debug|x64.ActiveCfg = Debug|Any CPU
		{C00C5521-D869-45F8-A74B-828C98BAEA34}.Debug|x64.Build.0 = Debug|Any CPU
		{C00C5521-D869-45F8-A74B-828C98BAEA34}.Debug|x86.ActiveCfg = Debug|Any CPU
		{C00C5521-D869-45F8-A74B-828C98BAEA34}.Debug|x86.Build.0 = Debug|Any CPU
		{C00C5521-D869-45F8-A74B-828C98BAEA34}.Release|Any CPU.ActiveCfg = Release|Any CPU
		{C00C5521-D869-45F8-A74B-828C98BAEA34}.Release|Any CPU.Build.0 = Release|Any CPU
		{C00C5521-D869-45F8-A74B-828C98BAEA34}.Release|x64.ActiveCfg = Release|Any CPU
		{C00C5521-D869-45F8-A74B-828C98BAEA34}.Release|x64.Build.0 = Release|Any CPU
		{C00C5521-D869-45F8-A74B-828C98BAEA34}.Release|x86.ActiveCfg = Release|Any CPU
		{C00C5521-D869-45F8-A74B-828C98BAEA34}.Release|x86.Build.0 = Release|Any CPU
		{149D51D9-0E2E-476A-A3DE-1E1DE2D530F6}.Debug|Any CPU.ActiveCfg = Debug|Any CPU
		{149D51D9-0E2E-476A-A3DE-1E1DE2D530F6}.Debug|Any CPU.Build.0 = Debug|Any CPU
		{149D51D9-0E2E-476A-A3DE-1E1DE2D530F6}.Debug|x64.ActiveCfg = Debug|Any CPU
		{149D51D9-0E2E-476A-A3DE-1E1DE2D530F6}.Debug|x64.Build.0 = Debug|Any CPU
		{149D51D9-0E2E-476A-A3DE-1E1DE2D530F6}.Debug|x86.ActiveCfg = Debug|Any CPU
		{149D51D9-0E2E-476A-A3DE-1E1DE2D530F6}.Debug|x86.Build.0 = Debug|Any CPU
		{149D51D9-0E2E-476A-A3DE-1E1DE2D530F6}.Release|Any CPU.ActiveCfg = Release|Any CPU
		{149D51D9-0E2E-476A-A3DE-1E1DE2D530F6}.Release|Any CPU.Build.0 = Release|Any CPU
		{149D51D9-0E2E-476A-A3DE-1E1DE2D530F6}.Release|x64.ActiveCfg = Release|Any CPU
		{149D51D9-0E2E-476A-A3DE-1E1DE2D530F6}.Release|x64.Build.0 = Release|Any CPU
		{149D51D9-0E2E-476A-A3DE-1E1DE2D530F6}.Release|x86.ActiveCfg = Release|Any CPU
		{149D51D9-0E2E-476A-A3DE-1E1DE2D530F6}.Release|x86.Build.0 = Release|Any CPU
	EndGlobalSection
	GlobalSection(SolutionProperties) = preSolution
		HideSolutionNode = FALSE
	EndGlobalSection
EndGlobal
